
Microsoft Visual Studio Solution File, Format Version 12.00
# Visual Studio Version 17
VisualStudioVersion = 17.3.32519.111
MinimumVisualStudioVersion = 10.0.40219.1
Project("{FAE04EC0-301F-11D3-BF4B-00C04F79EFBC}") = "Day2-Operators", "Day2-Operators\Day2-Operators.csproj", "{3A6AA6EB-2B9F-449D-8DB0-556F84E1F46D}"
EndProject
Project("{FAE04EC0-301F-11D3-BF4B-00C04F79EFBC}") = "Solve-me-first", "Solve-me-first\Solve-me-first.csproj", "{71CE23CE-0964-40F1-A27F-45539BF10FA6}"
EndProject
Project("{FAE04EC0-301F-11D3-BF4B-00C04F79EFBC}") = "Day3-Intro-to-conditionals", "Day3-Intro-to-conditionals\Day3-Intro-to-conditionals.csproj", "{4BDB85D0-214D-4ACB-8AAA-5A91A605E890}"
EndProject
Project("{FAE04EC0-301F-11D3-BF4B-00C04F79EFBC}") = "Day5-Loops", "Day5-Loops\Day5-Loops.csproj", "{840B921B-B630-4311-B6E5-9B495BA8909D}"
EndProject
Project("{FAE04EC0-301F-11D3-BF4B-00C04F79EFBC}") = "Staircase", "Staircase\Staircase.csproj", "{C59B0946-4E33-4B8C-9108-CDE18A792779}"
EndProject
Project("{FAE04EC0-301F-11D3-BF4B-00C04F79EFBC}") = "PlusMinus", "PlusMinus\PlusMinus.csproj", "{D51981F8-06EE-45AF-BCDF-AD4493DA4101}"
EndProject
Global
	GlobalSection(SolutionConfigurationPlatforms) = preSolution
		Debug|Any CPU = Debug|Any CPU
		Release|Any CPU = Release|Any CPU
	EndGlobalSection
	GlobalSection(ProjectConfigurationPlatforms) = postSolution
		{3A6AA6EB-2B9F-449D-8DB0-556F84E1F46D}.Debug|Any CPU.ActiveCfg = Debug|Any CPU
		{3A6AA6EB-2B9F-449D-8DB0-556F84E1F46D}.Debug|Any CPU.Build.0 = Debug|Any CPU
		{3A6AA6EB-2B9F-449D-8DB0-556F84E1F46D}.Release|Any CPU.ActiveCfg = Release|Any CPU
		{3A6AA6EB-2B9F-449D-8DB0-556F84E1F46D}.Release|Any CPU.Build.0 = Release|Any CPU
		{71CE23CE-0964-40F1-A27F-45539BF10FA6}.Debug|Any CPU.ActiveCfg = Debug|Any CPU
		{71CE23CE-0964-40F1-A27F-45539BF10FA6}.Debug|Any CPU.Build.0 = Debug|Any CPU
		{71CE23CE-0964-40F1-A27F-45539BF10FA6}.Release|Any CPU.ActiveCfg = Release|Any CPU
		{71CE23CE-0964-40F1-A27F-45539BF10FA6}.Release|Any CPU.Build.0 = Release|Any CPU
		{4BDB85D0-214D-4ACB-8AAA-5A91A605E890}.Debug|Any CPU.ActiveCfg = Debug|Any CPU
		{4BDB85D0-214D-4ACB-8AAA-5A91A605E890}.Debug|Any CPU.Build.0 = Debug|Any CPU
		{4BDB85D0-214D-4ACB-8AAA-5A91A605E890}.Release|Any CPU.ActiveCfg = Release|Any CPU
		{4BDB85D0-214D-4ACB-8AAA-5A91A605E890}.Release|Any CPU.Build.0 = Release|Any CPU
		{840B921B-B630-4311-B6E5-9B495BA8909D}.Debug|Any CPU.ActiveCfg = Debug|Any CPU
		{840B921B-B630-4311-B6E5-9B495BA8909D}.Debug|Any CPU.Build.0 = Debug|Any CPU
		{840B921B-B630-4311-B6E5-9B495BA8909D}.Release|Any CPU.ActiveCfg = Release|Any CPU
		{840B921B-B630-4311-B6E5-9B495BA8909D}.Release|Any CPU.Build.0 = Release|Any CPU
		{C59B0946-4E33-4B8C-9108-CDE18A792779}.Debug|Any CPU.ActiveCfg = Debug|Any CPU
		{C59B0946-4E33-4B8C-9108-CDE18A792779}.Debug|Any CPU.Build.0 = Debug|Any CPU
		{C59B0946-4E33-4B8C-9108-CDE18A792779}.Release|Any CPU.ActiveCfg = Release|Any CPU
		{C59B0946-4E33-4B8C-9108-CDE18A792779}.Release|Any CPU.Build.0 = Release|Any CPU
		{D51981F8-06EE-45AF-BCDF-AD4493DA4101}.Debug|Any CPU.ActiveCfg = Debug|Any CPU
		{D51981F8-06EE-45AF-BCDF-AD4493DA4101}.Debug|Any CPU.Build.0 = Debug|Any CPU
		{D51981F8-06EE-45AF-BCDF-AD4493DA4101}.Release|Any CPU.ActiveCfg = Release|Any CPU
		{D51981F8-06EE-45AF-BCDF-AD4493DA4101}.Release|Any CPU.Build.0 = Release|Any CPU
	EndGlobalSection
	GlobalSection(SolutionProperties) = preSolution
		HideSolutionNode = FALSE
	EndGlobalSection
	GlobalSection(ExtensibilityGlobals) = postSolution
		SolutionGuid = {E38B30A4-2B62-4BA5-A804-8CD0A68FF48E}
	EndGlobalSection
EndGlobal
